{
  "name": "svelte-state-renderer",
  "version": "3.0.1",
  "lockfileVersion": 2,
  "requires": true,
  "packages": {
    "": {
      "name": "svelte-state-renderer",
      "version": "3.0.1",
      "license": "WTFPL",
      "dependencies": {
        "deepmerge": "1.3.1"
      },
      "devDependencies": {}
    },
    "node_modules/deepmerge": {
      "version": "1.3.1",
      "resolved": "https://registry.npmjs.org/deepmerge/-/deepmerge-1.3.1.tgz",
      "integrity": "sha1-aCupJAJXQRW4Ze3OUlZlgUKWo5s=",
      "engines": {
        "node": ">=0.10.0"
      }
    }
  },
  "dependencies": {
    "deepmerge": {
      "version": "1.3.1",
      "resolved": "https://registry.npmjs.org/deepmerge/-/deepmerge-1.3.1.tgz",
      "integrity": "sha1-aCupJAJXQRW4Ze3OUlZlgUKWo5s="
    }
  }
}
